// !$*UTF8*$!
{
	archiveVersion = 1;
	classes = {
	};
	objectVersion = 50;
	objects = {

/* Begin PBXBuildFile section */
		7AE7DB81250778B8004DE04C /* AppDelegate.swift in Sources */ = {isa = PBXBuildFile; fileRef = 7AE7DB80250778B8004DE04C /* AppDelegate.swift */; };
		7AE7DB83250778B8004DE04C /* SceneDelegate.swift in Sources */ = {isa = PBXBuildFile; fileRef = 7AE7DB82250778B8004DE04C /* SceneDelegate.swift */; };
		7AE7DB85250778B8004DE04C /* ViewController.swift in Sources */ = {isa = PBXBuildFile; fileRef = 7AE7DB84250778B8004DE04C /* ViewController.swift */; };
		7AE7DB88250778B8004DE04C /* Main.storyboard in Resources */ = {isa = PBXBuildFile; fileRef = 7AE7DB86250778B8004DE04C /* Main.storyboard */; };
		7AE7DB8A250778BA004DE04C /* Assets.xcassets in Resources */ = {isa = PBXBuildFile; fileRef = 7AE7DB89250778BA004DE04C /* Assets.xcassets */; };
		7AE7DB8D250778BA004DE04C /* LaunchScreen.storyboard in Resources */ = {isa = PBXBuildFile; fileRef = 7AE7DB8B250778BA004DE04C /* LaunchScreen.storyboard */; };
		7AE7DB9A250784C5004DE04C /* BounceButton.swift in Sources */ = {isa = PBXBuildFile; fileRef = 7AE7DB99250784C5004DE04C /* BounceButton.swift */; };
		7AE7DB9C250784E3004DE04C /* DesignButton.swift in Sources */ = {isa = PBXBuildFile; fileRef = 7AE7DB9B250784E3004DE04C /* DesignButton.swift */; };
		7AE7DB9E25078A25004DE04C /* DesignableTextField.swift in Sources */ = {isa = PBXBuildFile; fileRef = 7AE7DB9D25078A25004DE04C /* DesignableTextField.swift */; };
		7AE7DBA025078EF8004DE04C /* EBGaramond-Italic-VariableFont_wght.ttf in Resources */ = {isa = PBXBuildFile; fileRef = 7AE7DB9F25078EF8004DE04C /* EBGaramond-Italic-VariableFont_wght.ttf */; };
		7AE7DBA225078F09004DE04C /* EBGaramond-VariableFont_wght.ttf in Resources */ = {isa = PBXBuildFile; fileRef = 7AE7DBA125078F09004DE04C /* EBGaramond-VariableFont_wght.ttf */; };
		7AE7DBA425079AD0004DE04C /* Extention.swift in Sources */ = {isa = PBXBuildFile; fileRef = 7AE7DBA325079AD0004DE04C /* Extention.swift */; };
/* End PBXBuildFile section */

/* Begin PBXFileReference section */
		7AE7DB7D250778B8004DE04C /* LoginApp.app */ = {isa = PBXFileReference; explicitFileType = wrapper.application; includeInIndex = 0; path = LoginApp.app; sourceTree = BUILT_PRODUCTS_DIR; };
		7AE7DB80250778B8004DE04C /* AppDelegate.swift */ = {isa = PBXFileReference; lastKnownFileType = sourcecode.swift; path = AppDelegate.swift; sourceTree = "<group>"; };
		7AE7DB82250778B8004DE04C /* SceneDelegate.swift */ = {isa = PBXFileReference; lastKnownFileType = sourcecode.swift; path = SceneDelegate.swift; sourceTree = "<group>"; };
		7AE7DB84250778B8004DE04C /* ViewController.swift */ = {isa = PBXFileReference; lastKnownFileType = sourcecode.swift; path = ViewController.swift; sourceTree = "<group>"; };
		7AE7DB87250778B8004DE04C /* Base */ = {isa = PBXFileReference; lastKnownFileType = file.storyboard; name = Base; path = Base.lproj/Main.storyboard; sourceTree = "<group>"; };
		7AE7DB89250778BA004DE04C /* Assets.xcassets */ = {isa = PBXFileReference; lastKnownFileType = folder.assetcatalog; path = Assets.xcassets; sourceTree = "<group>"; };
		7AE7DB8C250778BA004DE04C /* Base */ = {isa = PBXFileReference; lastKnownFileType = file.storyboard; name = Base; path = Base.lproj/LaunchScreen.storyboard; sourceTree = "<group>"; };
		7AE7DB8E250778BA004DE04C /* Info.plist */ = {isa = PBXFileReference; lastKnownFileType = text.plist.xml; path = Info.plist; sourceTree = "<group>"; };
		7AE7DB99250784C5004DE04C /* BounceButton.swift */ = {isa = PBXFileReference; lastKnownFileType = sourcecode.swift; path = BounceButton.swift; sourceTree = "<group>"; };
		7AE7DB9B250784E3004DE04C /* DesignButton.swift */ = {isa = PBXFileReference; lastKnownFileType = sourcecode.swift; path = DesignButton.swift; sourceTree = "<group>"; };
		7AE7DB9D25078A25004DE04C /* DesignableTextField.swift */ = {isa = PBXFileReference; lastKnownFileType = sourcecode.swift; path = DesignableTextField.swift; sourceTree = "<group>"; };
		7AE7DB9F25078EF8004DE04C /* EBGaramond-Italic-VariableFont_wght.ttf */ = {isa = PBXFileReference; lastKnownFileType = file; path = "EBGaramond-Italic-VariableFont_wght.ttf"; sourceTree = "<group>"; };
		7AE7DBA125078F09004DE04C /* EBGaramond-VariableFont_wght.ttf */ = {isa = PBXFileReference; lastKnownFileType = file; path = "EBGaramond-VariableFont_wght.ttf"; sourceTree = "<group>"; };
		7AE7DBA325079AD0004DE04C /* Extention.swift */ = {isa = PBXFileReference; lastKnownFileType = sourcecode.swift; path = Extention.swift; sourceTree = "<group>"; };
/* End PBXFileReference section */

/* Begin PBXFrameworksBuildPhase section */
		7AE7DB7A250778B8004DE04C /* Frameworks */ = {
			isa = PBXFrameworksBuildPhase;
			buildActionMask = 2147483647;
			files = (
			);
			runOnlyForDeploymentPostprocessing = 0;
		};
/* End PBXFrameworksBuildPhase section */

/* Begin PBXGroup section */
		7AE7DB74250778B8004DE04C = {
			isa = PBXGroup;
			children = (
				7AE7DB7F250778B8004DE04C /* LoginApp */,
				7AE7DB7E250778B8004DE04C /* Products */,
			);
			sourceTree = "<group>";
		};
		7AE7DB7E250778B8004DE04C /* Products */ = {
			isa = PBXGroup;
			children = (
				7AE7DB7D250778B8004DE04C /* LoginApp.app */,
			);
			name = Products;
			sourceTree = "<group>";
		};
		7AE7DB7F250778B8004DE04C /* LoginApp */ = {
			isa = PBXGroup;
			children = (
				7AE7DB9825078479004DE04C /* ExtraResource */,
				7AE7DB9725078460004DE04C /* Extension */,
				7AE7DB942507840D004DE04C /* AppDelegate */,
				7AE7DB9525078433004DE04C /* Controller */,
				7AE7DB9625078443004DE04C /* View */,
				7AE7DB89250778BA004DE04C /* Assets.xcassets */,
				7AE7DB8B250778BA004DE04C /* LaunchScreen.storyboard */,
				7AE7DB8E250778BA004DE04C /* Info.plist */,
			);
			path = LoginApp;
			sourceTree = "<group>";
		};
		7AE7DB942507840D004DE04C /* AppDelegate */ = {
			isa = PBXGroup;
			children = (
				7AE7DB80250778B8004DE04C /* AppDelegate.swift */,
				7AE7DB82250778B8004DE04C /* SceneDelegate.swift */,
			);
			path = AppDelegate;
			sourceTree = "<group>";
		};
		7AE7DB9525078433004DE04C /* Controller */ = {
			isa = PBXGroup;
			children = (
				7AE7DB84250778B8004DE04C /* ViewController.swift */,
			);
			path = Controller;
			sourceTree = "<group>";
		};
		7AE7DB9625078443004DE04C /* View */ = {
			isa = PBXGroup;
			children = (
				7AE7DB86250778B8004DE04C /* Main.storyboard */,
			);
			path = View;
			sourceTree = "<group>";
		};
		7AE7DB9725078460004DE04C /* Extension */ = {
			isa = PBXGroup;
			children = (
				7AE7DBA325079AD0004DE04C /* Extention.swift */,
			);
			path = Extension;
			sourceTree = "<group>";
		};
		7AE7DB9825078479004DE04C /* ExtraResource */ = {
			isa = PBXGroup;
			children = (
				7AE7DB9D25078A25004DE04C /* DesignableTextField.swift */,
				7AE7DB99250784C5004DE04C /* BounceButton.swift */,
				7AE7DB9B250784E3004DE04C /* DesignButton.swift */,
				7AE7DB9F25078EF8004DE04C /* EBGaramond-Italic-VariableFont_wght.ttf */,
				7AE7DBA125078F09004DE04C /* EBGaramond-VariableFont_wght.ttf */,
			);
			path = ExtraResource;
			sourceTree = "<group>";
		};
/* End PBXGroup section */

/* Begin PBXNativeTarget section */
		7AE7DB7C250778B8004DE04C /* LoginApp */ = {
			isa = PBXNativeTarget;
			buildConfigurationList = 7AE7DB91250778BA004DE04C /* Build configuration list for PBXNativeTarget "LoginApp" */;
			buildPhases = (
				7AE7DB79250778B8004DE04C /* Sources */,
				7AE7DB7A250778B8004DE04C /* Frameworks */,
				7AE7DB7B250778B8004DE04C /* Resources */,
			);
			buildRules = (
			);
			dependencies = (
			);
			name = LoginApp;
			productName = LoginApp;
			productReference = 7AE7DB7D250778B8004DE04C /* LoginApp.app */;
			productType = "com.apple.product-type.application";
		};
/* End PBXNativeTarget section */

/* Begin PBXProject section */
		7AE7DB75250778B8004DE04C /* Project object */ = {
			isa = PBXProject;
			attributes = {
				LastSwiftUpdateCheck = 1170;
				LastUpgradeCheck = 1170;
				ORGANIZATIONNAME = "Inga Kirsona";
				TargetAttributes = {
					7AE7DB7C250778B8004DE04C = {
						CreatedOnToolsVersion = 11.7;
					};
				};
			};
			buildConfigurationList = 7AE7DB78250778B8004DE04C /* Build configuration list for PBXProject "LoginApp" */;
			compatibilityVersion = "Xcode 9.3";
			developmentRegion = en;
			hasScannedForEncodings = 0;
			knownRegions = (
				en,
				Base,
			);
			mainGroup = 7AE7DB74250778B8004DE04C;
			productRefGroup = 7AE7DB7E250778B8004DE04C /* Products */;
			projectDirPath = "";
			projectRoot = "";
			targets = (
				7AE7DB7C250778B8004DE04C /* LoginApp */,
			);
		};
/* End PBXProject section */

/* Begin PBXResourcesBuildPhase section */
		7AE7DB7B250778B8004DE04C /* Resources */ = {
			isa = PBXResourcesBuildPhase;
			buildActionMask = 2147483647;
			files = (
				7AE7DB8D250778BA004DE04C /* LaunchScreen.storyboard in Resources */,
				7AE7DBA025078EF8004DE04C /* EBGaramond-Italic-VariableFont_wght.ttf in Resources */,
				7AE7DB8A250778BA004DE04C /* Assets.xcassets in Resources */,
				7AE7DBA225078F09004DE04C /* EBGaramond-VariableFont_wght.ttf in Resources */,
				7AE7DB88250778B8004DE04C /* Main.storyboard in Resources */,
			);
			runOnlyForDeploymentPostprocessing = 0;
		};
/* End PBXResourcesBuildPhase section */

/* Begin PBXSourcesBuildPhase section */
		7AE7DB79250778B8004DE04C /* Sources */ = {
			isa = PBXSourcesBuildPhase;
			buildActionMask = 2147483647;
			files = (
				7AE7DB85250778B8004DE04C /* ViewController.swift in Sources */,
				7AE7DB9E25078A25004DE04C /* DesignableTextField.swift in Sources */,
				7AE7DB9A250784C5004DE04C /* BounceButton.swift in Sources */,
				7AE7DB81250778B8004DE04C /* AppDelegate.swift in Sources */,
				7AE7DB83250778B8004DE04C /* SceneDelegate.swift in Sources */,
				7AE7DB9C250784E3004DE04C /* DesignButton.swift in Sources */,
				7AE7DBA425079AD0004DE04C /* Extention.swift in Sources */,
			);
			runOnlyForDeploymentPostprocessing = 0;
		};
/* End PBXSourcesBuildPhase section */

/* Begin PBXVariantGroup section */
		7AE7DB86250778B8004DE04C /* Main.storyboard */ = {
			isa = PBXVariantGroup;
			children = (
				7AE7DB87250778B8004DE04C /* Base */,
			);
			name = Main.storyboard;
			sourceTree = "<group>";
		};
		7AE7DB8B250778BA004DE04C /* LaunchScreen.storyboard */ = {
			isa = PBXVariantGroup;
			children = (
				7AE7DB8C250778BA004DE04C /* Base */,
			);
			name = LaunchScreen.storyboard;
			sourceTree = "<group>";
		};
/* End PBXVariantGroup section */

/* Begin XCBuildConfiguration section */
		7AE7DB8F250778BA004DE04C /* Debug */ = {
			isa = XCBuildConfiguration;
			buildSettings = {
				ALWAYS_SEARCH_USER_PATHS = NO;
				CLANG_ANALYZER_NONNULL = YES;
				CLANG_ANALYZER_NUMBER_OBJECT_CONVERSION = YES_AGGRESSIVE;
				CLANG_CXX_LANGUAGE_STANDARD = "gnu++14";
				CLANG_CXX_LIBRARY = "libc++";
				CLANG_ENABLE_MODULES = YES;
				CLANG_ENABLE_OBJC_ARC = YES;
				CLANG_ENABLE_OBJC_WEAK = YES;
				CLANG_WARN_BLOCK_CAPTURE_AUTORELEASING = YES;
				CLANG_WARN_BOOL_CONVERSION = YES;
				CLANG_WARN_COMMA = YES;
				CLANG_WARN_CONSTANT_CONVERSION = YES;
				CLANG_WARN_DEPRECATED_OBJC_IMPLEMENTATIONS = YES;
				CLANG_WARN_DIRECT_OBJC_ISA_USAGE = YES_ERROR;
				CLANG_WARN_DOCUMENTATION_COMMENTS = YES;
				CLANG_WARN_EMPTY_BODY = YES;
				CLANG_WARN_ENUM_CONVERSION = YES;
				CLANG_WARN_INFINITE_RECURSION = YES;
				CLANG_WARN_INT_CONVERSION = YES;
				CLANG_WARN_NON_LITERAL_NULL_CONVERSION = YES;
				CLANG_WARN_OBJC_IMPLICIT_RETAIN_SELF = YES;
				CLANG_WARN_OBJC_LITERAL_CONVERSION = YES;
				CLANG_WARN_OBJC_ROOT_CLASS = YES_ERROR;
				CLANG_WARN_RANGE_LOOP_ANALYSIS = YES;
				CLANG_WARN_STRICT_PROTOTYPES = YES;
				CLANG_WARN_SUSPICIOUS_MOVE = YES;
				CLANG_WARN_UNGUARDED_AVAILABILITY = YES_AGGRESSIVE;
				CLANG_WARN_UNREACHABLE_CODE = YES;
				CLANG_WARN__DUPLICATE_METHOD_MATCH = YES;
				COPY_PHASE_STRIP = NO;
				DEBUG_INFORMATION_FORMAT = dwarf;
				ENABLE_STRICT_OBJC_MSGSEND = YES;
				ENABLE_TESTABILITY = YES;
				GCC_C_LANGUAGE_STANDARD = gnu11;
				GCC_DYNAMIC_NO_PIC = NO;
				GCC_NO_COMMON_BLOCKS = YES;
				GCC_OPTIMIZATION_LEVEL = 0;
				GCC_PREPROCESSOR_DEFINITIONS = (
					"DEBUG=1",
					"$(inherited)",
				);
				GCC_WARN_64_TO_32_BIT_CONVERSION = YES;
				GCC_WARN_ABOUT_RETURN_TYPE = YES_ERROR;
				GCC_WARN_UNDECLARED_SELECTOR = YES;
				GCC_WARN_UNINITIALIZED_AUTOS = YES_AGGRESSIVE;
				GCC_WARN_UNUSED_FUNCTION = YES;
				GCC_WARN_UNUSED_VARIABLE = YES;
				IPHONEOS_DEPLOYMENT_TARGET = 13.7;
				MTL_ENABLE_DEBUG_INFO = INCLUDE_SOURCE;
				MTL_FAST_MATH = YES;
				ONLY_ACTIVE_ARCH = YES;
				SDKROOT = iphoneos;
				SWIFT_ACTIVE_COMPILATION_CONDITIONS = DEBUG;
				SWIFT_OPTIMIZATION_LEVEL = "-Onone";
			};
			name = Debug;
		};
		7AE7DB90250778BA004DE04C /* Release */ = {
			isa = XCBuildConfiguration;
			buildSettings = {
				ALWAYS_SEARCH_USER_PATHS = NO;
				CLANG_ANALYZER_NONNULL = YES;
				CLANG_ANALYZER_NUMBER_OBJECT_CONVERSION = YES_AGGRESSIVE;
				CLANG_CXX_LANGUAGE_STANDARD = "gnu++14";
				CLANG_CXX_LIBRARY = "libc++";
				CLANG_ENABLE_MODULES = YES;
				CLANG_ENABLE_OBJC_ARC = YES;
				CLANG_ENABLE_OBJC_WEAK = YES;
				CLANG_WARN_BLOCK_CAPTURE_AUTORELEASING = YES;
				CLANG_WARN_BOOL_CONVERSION = YES;
				CLANG_WARN_COMMA = YES;
				CLANG_WARN_CONSTANT_CONVERSION = YES;
				CLANG_WARN_DEPRECATED_OBJC_IMPLEMENTATIONS = YES;
				CLANG_WARN_DIRECT_OBJC_ISA_USAGE = YES_ERROR;
				CLANG_WARN_DOCUMENTATION_COMMENTS = YES;
				CLANG_WARN_EMPTY_BODY = YES;
				CLANG_WARN_ENUM_CONVERSION = YES;
				CLANG_WARN_INFINITE_RECURSION = YES;
				CLANG_WARN_INT_CONVERSION = YES;
				CLANG_WARN_NON_LITERAL_NULL_CONVERSION = YES;
				CLANG_WARN_OBJC_IMPLICIT_RETAIN_SELF = YES;
				CLANG_WARN_OBJC_LITERAL_CONVERSION = YES;
				CLANG_WARN_OBJC_ROOT_CLASS = YES_ERROR;
				CLANG_WARN_RANGE_LOOP_ANALYSIS = YES;
				CLANG_WARN_STRICT_PROTOTYPES = YES;
				CLANG_WARN_SUSPICIOUS_MOVE = YES;
				CLANG_WARN_UNGUARDED_AVAILABILITY = YES_AGGRESSIVE;
				CLANG_WARN_UNREACHABLE_CODE = YES;
				CLANG_WARN__DUPLICATE_METHOD_MATCH = YES;
				COPY_PHASE_STRIP = NO;
				DEBUG_INFORMATION_FORMAT = "dwarf-with-dsym";
				ENABLE_NS_ASSERTIONS = NO;
				ENABLE_STRICT_OBJC_MSGSEND = YES;
				GCC_C_LANGUAGE_STANDARD = gnu11;
				GCC_NO_COMMON_BLOCKS = YES;
				GCC_WARN_64_TO_32_BIT_CONVERSION = YES;
				GCC_WARN_ABOUT_RETURN_TYPE = YES_ERROR;
				GCC_WARN_UNDECLARED_SELECTOR = YES;
				GCC_WARN_UNINITIALIZED_AUTOS = YES_AGGRESSIVE;
				GCC_WARN_UNUSED_FUNCTION = YES;
				GCC_WARN_UNUSED_VARIABLE = YES;
				IPHONEOS_DEPLOYMENT_TARGET = 13.7;
				MTL_ENABLE_DEBUG_INFO = NO;
				MTL_FAST_MATH = YES;
				SDKROOT = iphoneos;
				SWIFT_COMPILATION_MODE = wholemodule;
				SWIFT_OPTIMIZATION_LEVEL = "-O";
				VALIDATE_PRODUCT = YES;
			};
			name = Release;
		};
		7AE7DB92250778BA004DE04C /* Debug */ = {
			isa = XCBuildConfiguration;
			buildSettings = {
				ASSETCATALOG_COMPILER_APPICON_NAME = AppIcon;
				CODE_SIGN_STYLE = Automatic;
				DEVELOPMENT_TEAM = SSRUF8Q779;
				INFOPLIST_FILE = LoginApp/Info.plist;
				LD_RUNPATH_SEARCH_PATHS = (
					"$(inherited)",
					"@executable_path/Frameworks",
				);
				PRODUCT_BUNDLE_IDENTIFIER = lv.ingasapp.LoginApp;
				PRODUCT_NAME = "$(TARGET_NAME)";
				SWIFT_VERSION = 5.0;
				TARGETED_DEVICE_FAMILY = "1,2";
			};
			name = Debug;
		};
		7AE7DB93250778BA004DE04C /* Release */ = {
			isa = XCBuildConfiguration;
			buildSettings = {
				ASSETCATALOG_COMPILER_APPICON_NAME = AppIcon;
				CODE_SIGN_STYLE = Automatic;
				DEVELOPMENT_TEAM = SSRUF8Q779;
				INFOPLIST_FILE = LoginApp/Info.plist;
				LD_RUNPATH_SEARCH_PATHS = (
					"$(inherited)",
					"@executable_path/Frameworks",
				);
				PRODUCT_BUNDLE_IDENTIFIER = lv.ingasapp.LoginApp;
				PRODUCT_NAME = "$(TARGET_NAME)";
				SWIFT_VERSION = 5.0;
				TARGETED_DEVICE_FAMILY = "1,2";
			};
			name = Release;
		};
/* End XCBuildConfiguration section */

/* Begin XCConfigurationList section */
		7AE7DB78250778B8004DE04C /* Build configuration list for PBXProject "LoginApp" */ = {
			isa = XCConfigurationList;
			buildConfigurations = (
				7AE7DB8F250778BA004DE04C /* Debug */,
				7AE7DB90250778BA004DE04C /* Release */,
			);
			defaultConfigurationIsVisible = 0;
			defaultConfigurationName = Release;
		};
		7AE7DB91250778BA004DE04C /* Build configuration list for PBXNativeTarget "LoginApp" */ = {
			isa = XCConfigurationList;
			buildConfigurations = (
				7AE7DB92250778BA004DE04C /* Debug */,
				7AE7DB93250778BA004DE04C /* Release */,
			);
			defaultConfigurationIsVisible = 0;
			defaultConfigurationName = Release;
		};
/* End XCConfigurationList section */
	};
	rootObject = 7AE7DB75250778B8004DE04C /* Project object */;
}
